
Microsoft Visual Studio Solution File, Format Version 12.00
# Visual Studio Version 16
VisualStudioVersion = 16.0.30804.86
MinimumVisualStudioVersion = 10.0.40219.1
Project("{8BC9CEB8-8B4A-11D0-8D11-00A0C91BC942}") = "ServerSide", "ServerSide\ServerSide.vcxproj", "{8F734E15-23E8-4966-9BFE-B02BEF1FB62F}"
EndProject
Global
	GlobalSection(SolutionConfigurationPlatforms) = preSolution
		Debug|x64 = Debug|x64
		Debug|x86 = Debug|x86
		Release|x64 = Release|x64
		Release|x86 = Release|x86
	EndGlobalSection
	GlobalSection(ProjectConfigurationPlatforms) = postSolution
		{8F734E15-23E8-4966-9BFE-B02BEF1FB62F}.Debug|x64.ActiveCfg = Debug|x64
		{8F734E15-23E8-4966-9BFE-B02BEF1FB62F}.Debug|x64.Build.0 = Debug|x64
		{8F734E15-23E8-4966-9BFE-B02BEF1FB62F}.Debug|x86.ActiveCfg = Debug|Win32
		{8F734E15-23E8-4966-9BFE-B02BEF1FB62F}.Debug|x86.Build.0 = Debug|Win32
		{8F734E15-23E8-4966-9BFE-B02BEF1FB62F}.Release|x64.ActiveCfg = Release|x64
		{8F734E15-23E8-4966-9BFE-B02BEF1FB62F}.Release|x64.Build.0 = Release|x64
		{8F734E15-23E8-4966-9BFE-B02BEF1FB62F}.Release|x86.ActiveCfg = Release|Win32
		{8F734E15-23E8-4966-9BFE-B02BEF1FB62F}.Release|x86.Build.0 = Release|Win32
	EndGlobalSection
	GlobalSection(SolutionProperties) = preSolution
		HideSolutionNode = FALSE
	EndGlobalSection
	GlobalSection(ExtensibilityGlobals) = postSolution
		SolutionGuid = {C257637F-F024-488D-8C90-F0DA6F2E67F3}
	EndGlobalSection
EndGlobal
